// !$*UTF8*$!
{
	archiveVersion = 1;
	classes = {
	};
	objectVersion = 56;
	objects = {

/* Begin PBXBuildFile section */
		FB4CCC772A89E71800DB65FF /* AppDelegate.swift in Sources */ = {isa = PBXBuildFile; fileRef = FB4CCC762A89E71800DB65FF /* AppDelegate.swift */; };
		FB4CCC792A89E71800DB65FF /* SceneDelegate.swift in Sources */ = {isa = PBXBuildFile; fileRef = FB4CCC782A89E71800DB65FF /* SceneDelegate.swift */; };
		FB4CCC7B2A89E71800DB65FF /* ViewController.swift in Sources */ = {isa = PBXBuildFile; fileRef = FB4CCC7A2A89E71800DB65FF /* ViewController.swift */; };
		FB4CCC7E2A89E71800DB65FF /* Main.storyboard in Resources */ = {isa = PBXBuildFile; fileRef = FB4CCC7C2A89E71800DB65FF /* Main.storyboard */; };
		FB4CCC802A89E71900DB65FF /* Assets.xcassets in Resources */ = {isa = PBXBuildFile; fileRef = FB4CCC7F2A89E71900DB65FF /* Assets.xcassets */; };
		FB4CCC832A89E71900DB65FF /* LaunchScreen.storyboard in Resources */ = {isa = PBXBuildFile; fileRef = FB4CCC812A89E71900DB65FF /* LaunchScreen.storyboard */; };
		FB4CCC8E2A89E71900DB65FF /* Multiple_Images_NSCacheTests.swift in Sources */ = {isa = PBXBuildFile; fileRef = FB4CCC8D2A89E71900DB65FF /* Multiple_Images_NSCacheTests.swift */; };
		FB4CCC982A89E71900DB65FF /* Multiple_Images_NSCacheUITests.swift in Sources */ = {isa = PBXBuildFile; fileRef = FB4CCC972A89E71900DB65FF /* Multiple_Images_NSCacheUITests.swift */; };
		FB4CCC9A2A89E71900DB65FF /* Multiple_Images_NSCacheUITestsLaunchTests.swift in Sources */ = {isa = PBXBuildFile; fileRef = FB4CCC992A89E71900DB65FF /* Multiple_Images_NSCacheUITestsLaunchTests.swift */; };
/* End PBXBuildFile section */

/* Begin PBXContainerItemProxy section */
		FB4CCC8A2A89E71900DB65FF /* PBXContainerItemProxy */ = {
			isa = PBXContainerItemProxy;
			containerPortal = FB4CCC6B2A89E71800DB65FF /* Project object */;
			proxyType = 1;
			remoteGlobalIDString = FB4CCC722A89E71800DB65FF;
			remoteInfo = "Multiple Images NSCache";
		};
		FB4CCC942A89E71900DB65FF /* PBXContainerItemProxy */ = {
			isa = PBXContainerItemProxy;
			containerPortal = FB4CCC6B2A89E71800DB65FF /* Project object */;
			proxyType = 1;
			remoteGlobalIDString = FB4CCC722A89E71800DB65FF;
			remoteInfo = "Multiple Images NSCache";
		};
/* End PBXContainerItemProxy section */

/* Begin PBXFileReference section */
		FB4CCC732A89E71800DB65FF /* Multiple Images NSCache.app */ = {isa = PBXFileReference; explicitFileType = wrapper.application; includeInIndex = 0; path = "Multiple Images NSCache.app"; sourceTree = BUILT_PRODUCTS_DIR; };
		FB4CCC762A89E71800DB65FF /* AppDelegate.swift */ = {isa = PBXFileReference; lastKnownFileType = sourcecode.swift; path = AppDelegate.swift; sourceTree = "<group>"; };
		FB4CCC782A89E71800DB65FF /* SceneDelegate.swift */ = {isa = PBXFileReference; lastKnownFileType = sourcecode.swift; path = SceneDelegate.swift; sourceTree = "<group>"; };
		FB4CCC7A2A89E71800DB65FF /* ViewController.swift */ = {isa = PBXFileReference; lastKnownFileType = sourcecode.swift; path = ViewController.swift; sourceTree = "<group>"; };
		FB4CCC7D2A89E71800DB65FF /* Base */ = {isa = PBXFileReference; lastKnownFileType = file.storyboard; name = Base; path = Base.lproj/Main.storyboard; sourceTree = "<group>"; };
		FB4CCC7F2A89E71900DB65FF /* Assets.xcassets */ = {isa = PBXFileReference; lastKnownFileType = folder.assetcatalog; path = Assets.xcassets; sourceTree = "<group>"; };
		FB4CCC822A89E71900DB65FF /* Base */ = {isa = PBXFileReference; lastKnownFileType = file.storyboard; name = Base; path = Base.lproj/LaunchScreen.storyboard; sourceTree = "<group>"; };
		FB4CCC842A89E71900DB65FF /* Info.plist */ = {isa = PBXFileReference; lastKnownFileType = text.plist.xml; path = Info.plist; sourceTree = "<group>"; };
		FB4CCC892A89E71900DB65FF /* Multiple Images NSCacheTests.xctest */ = {isa = PBXFileReference; explicitFileType = wrapper.cfbundle; includeInIndex = 0; path = "Multiple Images NSCacheTests.xctest"; sourceTree = BUILT_PRODUCTS_DIR; };
		FB4CCC8D2A89E71900DB65FF /* Multiple_Images_NSCacheTests.swift */ = {isa = PBXFileReference; lastKnownFileType = sourcecode.swift; path = Multiple_Images_NSCacheTests.swift; sourceTree = "<group>"; };
		FB4CCC932A89E71900DB65FF /* Multiple Images NSCacheUITests.xctest */ = {isa = PBXFileReference; explicitFileType = wrapper.cfbundle; includeInIndex = 0; path = "Multiple Images NSCacheUITests.xctest"; sourceTree = BUILT_PRODUCTS_DIR; };
		FB4CCC972A89E71900DB65FF /* Multiple_Images_NSCacheUITests.swift */ = {isa = PBXFileReference; lastKnownFileType = sourcecode.swift; path = Multiple_Images_NSCacheUITests.swift; sourceTree = "<group>"; };
		FB4CCC992A89E71900DB65FF /* Multiple_Images_NSCacheUITestsLaunchTests.swift */ = {isa = PBXFileReference; lastKnownFileType = sourcecode.swift; path = Multiple_Images_NSCacheUITestsLaunchTests.swift; sourceTree = "<group>"; };
/* End PBXFileReference section */

/* Begin PBXFrameworksBuildPhase section */
		FB4CCC702A89E71800DB65FF /* Frameworks */ = {
			isa = PBXFrameworksBuildPhase;
			buildActionMask = 2147483647;
			files = (
			);
			runOnlyForDeploymentPostprocessing = 0;
		};
		FB4CCC862A89E71900DB65FF /* Frameworks */ = {
			isa = PBXFrameworksBuildPhase;
			buildActionMask = 2147483647;
			files = (
			);
			runOnlyForDeploymentPostprocessing = 0;
		};
		FB4CCC902A89E71900DB65FF /* Frameworks */ = {
			isa = PBXFrameworksBuildPhase;
			buildActionMask = 2147483647;
			files = (
			);
			runOnlyForDeploymentPostprocessing = 0;
		};
/* End PBXFrameworksBuildPhase section */

/* Begin PBXGroup section */
		FB4CCC6A2A89E71800DB65FF = {
			isa = PBXGroup;
			children = (
				FB4CCC752A89E71800DB65FF /* Multiple Images NSCache */,
				FB4CCC8C2A89E71900DB65FF /* Multiple Images NSCacheTests */,
				FB4CCC962A89E71900DB65FF /* Multiple Images NSCacheUITests */,
				FB4CCC742A89E71800DB65FF /* Products */,
			);
			sourceTree = "<group>";
		};
		FB4CCC742A89E71800DB65FF /* Products */ = {
			isa = PBXGroup;
			children = (
				FB4CCC732A89E71800DB65FF /* Multiple Images NSCache.app */,
				FB4CCC892A89E71900DB65FF /* Multiple Images NSCacheTests.xctest */,
				FB4CCC932A89E71900DB65FF /* Multiple Images NSCacheUITests.xctest */,
			);
			name = Products;
			sourceTree = "<group>";
		};
		FB4CCC752A89E71800DB65FF /* Multiple Images NSCache */ = {
			isa = PBXGroup;
			children = (
				FB4CCC762A89E71800DB65FF /* AppDelegate.swift */,
				FB4CCC782A89E71800DB65FF /* SceneDelegate.swift */,
				FB4CCC7A2A89E71800DB65FF /* ViewController.swift */,
				FB4CCC7C2A89E71800DB65FF /* Main.storyboard */,
				FB4CCC7F2A89E71900DB65FF /* Assets.xcassets */,
				FB4CCC812A89E71900DB65FF /* LaunchScreen.storyboard */,
				FB4CCC842A89E71900DB65FF /* Info.plist */,
			);
			path = "Multiple Images NSCache";
			sourceTree = "<group>";
		};
		FB4CCC8C2A89E71900DB65FF /* Multiple Images NSCacheTests */ = {
			isa = PBXGroup;
			children = (
				FB4CCC8D2A89E71900DB65FF /* Multiple_Images_NSCacheTests.swift */,
			);
			path = "Multiple Images NSCacheTests";
			sourceTree = "<group>";
		};
		FB4CCC962A89E71900DB65FF /* Multiple Images NSCacheUITests */ = {
			isa = PBXGroup;
			children = (
				FB4CCC972A89E71900DB65FF /* Multiple_Images_NSCacheUITests.swift */,
				FB4CCC992A89E71900DB65FF /* Multiple_Images_NSCacheUITestsLaunchTests.swift */,
			);
			path = "Multiple Images NSCacheUITests";
			sourceTree = "<group>";
		};
/* End PBXGroup section */

/* Begin PBXNativeTarget section */
		FB4CCC722A89E71800DB65FF /* Multiple Images NSCache */ = {
			isa = PBXNativeTarget;
			buildConfigurationList = FB4CCC9D2A89E71900DB65FF /* Build configuration list for PBXNativeTarget "Multiple Images NSCache" */;
			buildPhases = (
				FB4CCC6F2A89E71800DB65FF /* Sources */,
				FB4CCC702A89E71800DB65FF /* Frameworks */,
				FB4CCC712A89E71800DB65FF /* Resources */,
			);
			buildRules = (
			);
			dependencies = (
			);
			name = "Multiple Images NSCache";
			productName = "Multiple Images NSCache";
			productReference = FB4CCC732A89E71800DB65FF /* Multiple Images NSCache.app */;
			productType = "com.apple.product-type.application";
		};
		FB4CCC882A89E71900DB65FF /* Multiple Images NSCacheTests */ = {
			isa = PBXNativeTarget;
			buildConfigurationList = FB4CCCA02A89E71900DB65FF /* Build configuration list for PBXNativeTarget "Multiple Images NSCacheTests" */;
			buildPhases = (
				FB4CCC852A89E71900DB65FF /* Sources */,
				FB4CCC862A89E71900DB65FF /* Frameworks */,
				FB4CCC872A89E71900DB65FF /* Resources */,
			);
			buildRules = (
			);
			dependencies = (
				FB4CCC8B2A89E71900DB65FF /* PBXTargetDependency */,
			);
			name = "Multiple Images NSCacheTests";
			productName = "Multiple Images NSCacheTests";
			productReference = FB4CCC892A89E71900DB65FF /* Multiple Images NSCacheTests.xctest */;
			productType = "com.apple.product-type.bundle.unit-test";
		};
		FB4CCC922A89E71900DB65FF /* Multiple Images NSCacheUITests */ = {
			isa = PBXNativeTarget;
			buildConfigurationList = FB4CCCA32A89E71900DB65FF /* Build configuration list for PBXNativeTarget "Multiple Images NSCacheUITests" */;
			buildPhases = (
				FB4CCC8F2A89E71900DB65FF /* Sources */,
				FB4CCC902A89E71900DB65FF /* Frameworks */,
				FB4CCC912A89E71900DB65FF /* Resources */,
			);
			buildRules = (
			);
			dependencies = (
				FB4CCC952A89E71900DB65FF /* PBXTargetDependency */,
			);
			name = "Multiple Images NSCacheUITests";
			productName = "Multiple Images NSCacheUITests";
			productReference = FB4CCC932A89E71900DB65FF /* Multiple Images NSCacheUITests.xctest */;
			productType = "com.apple.product-type.bundle.ui-testing";
		};
/* End PBXNativeTarget section */

/* Begin PBXProject section */
		FB4CCC6B2A89E71800DB65FF /* Project object */ = {
			isa = PBXProject;
			attributes = {
				BuildIndependentTargetsInParallel = 1;
				LastSwiftUpdateCheck = 1430;
				LastUpgradeCheck = 1430;
				TargetAttributes = {
					FB4CCC722A89E71800DB65FF = {
						CreatedOnToolsVersion = 14.3.1;
					};
					FB4CCC882A89E71900DB65FF = {
						CreatedOnToolsVersion = 14.3.1;
						TestTargetID = FB4CCC722A89E71800DB65FF;
					};
					FB4CCC922A89E71900DB65FF = {
						CreatedOnToolsVersion = 14.3.1;
						TestTargetID = FB4CCC722A89E71800DB65FF;
					};
				};
			};
			buildConfigurationList = FB4CCC6E2A89E71800DB65FF /* Build configuration list for PBXProject "Multiple Images NSCache" */;
			compatibilityVersion = "Xcode 14.0";
			developmentRegion = en;
			hasScannedForEncodings = 0;
			knownRegions = (
				en,
				Base,
			);
			mainGroup = FB4CCC6A2A89E71800DB65FF;
			productRefGroup = FB4CCC742A89E71800DB65FF /* Products */;
			projectDirPath = "";
			projectRoot = "";
			targets = (
				FB4CCC722A89E71800DB65FF /* Multiple Images NSCache */,
				FB4CCC882A89E71900DB65FF /* Multiple Images NSCacheTests */,
				FB4CCC922A89E71900DB65FF /* Multiple Images NSCacheUITests */,
			);
		};
/* End PBXProject section */

/* Begin PBXResourcesBuildPhase section */
		FB4CCC712A89E71800DB65FF /* Resources */ = {
			isa = PBXResourcesBuildPhase;
			buildActionMask = 2147483647;
			files = (
				FB4CCC832A89E71900DB65FF /* LaunchScreen.storyboard in Resources */,
				FB4CCC802A89E71900DB65FF /* Assets.xcassets in Resources */,
				FB4CCC7E2A89E71800DB65FF /* Main.storyboard in Resources */,
			);
			runOnlyForDeploymentPostprocessing = 0;
		};
		FB4CCC872A89E71900DB65FF /* Resources */ = {
			isa = PBXResourcesBuildPhase;
			buildActionMask = 2147483647;
			files = (
			);
			runOnlyForDeploymentPostprocessing = 0;
		};
		FB4CCC912A89E71900DB65FF /* Resources */ = {
			isa = PBXResourcesBuildPhase;
			buildActionMask = 2147483647;
			files = (
			);
			runOnlyForDeploymentPostprocessing = 0;
		};
/* End PBXResourcesBuildPhase section */

/* Begin PBXSourcesBuildPhase section */
		FB4CCC6F2A89E71800DB65FF /* Sources */ = {
			isa = PBXSourcesBuildPhase;
			buildActionMask = 2147483647;
			files = (
				FB4CCC7B2A89E71800DB65FF /* ViewController.swift in Sources */,
				FB4CCC772A89E71800DB65FF /* AppDelegate.swift in Sources */,
				FB4CCC792A89E71800DB65FF /* SceneDelegate.swift in Sources */,
			);
			runOnlyForDeploymentPostprocessing = 0;
		};
		FB4CCC852A89E71900DB65FF /* Sources */ = {
			isa = PBXSourcesBuildPhase;
			buildActionMask = 2147483647;
			files = (
				FB4CCC8E2A89E71900DB65FF /* Multiple_Images_NSCacheTests.swift in Sources */,
			);
			runOnlyForDeploymentPostprocessing = 0;
		};
		FB4CCC8F2A89E71900DB65FF /* Sources */ = {
			isa = PBXSourcesBuildPhase;
			buildActionMask = 2147483647;
			files = (
				FB4CCC9A2A89E71900DB65FF /* Multiple_Images_NSCacheUITestsLaunchTests.swift in Sources */,
				FB4CCC982A89E71900DB65FF /* Multiple_Images_NSCacheUITests.swift in Sources */,
			);
			runOnlyForDeploymentPostprocessing = 0;
		};
/* End PBXSourcesBuildPhase section */

/* Begin PBXTargetDependency section */
		FB4CCC8B2A89E71900DB65FF /* PBXTargetDependency */ = {
			isa = PBXTargetDependency;
			target = FB4CCC722A89E71800DB65FF /* Multiple Images NSCache */;
			targetProxy = FB4CCC8A2A89E71900DB65FF /* PBXContainerItemProxy */;
		};
		FB4CCC952A89E71900DB65FF /* PBXTargetDependency */ = {
			isa = PBXTargetDependency;
			target = FB4CCC722A89E71800DB65FF /* Multiple Images NSCache */;
			targetProxy = FB4CCC942A89E71900DB65FF /* PBXContainerItemProxy */;
		};
/* End PBXTargetDependency section */

/* Begin PBXVariantGroup section */
		FB4CCC7C2A89E71800DB65FF /* Main.storyboard */ = {
			isa = PBXVariantGroup;
			children = (
				FB4CCC7D2A89E71800DB65FF /* Base */,
			);
			name = Main.storyboard;
			sourceTree = "<group>";
		};
		FB4CCC812A89E71900DB65FF /* LaunchScreen.storyboard */ = {
			isa = PBXVariantGroup;
			children = (
				FB4CCC822A89E71900DB65FF /* Base */,
			);
			name = LaunchScreen.storyboard;
			sourceTree = "<group>";
		};
/* End PBXVariantGroup section */

/* Begin XCBuildConfiguration section */
		FB4CCC9B2A89E71900DB65FF /* Debug */ = {
			isa = XCBuildConfiguration;
			buildSettings = {
				ALWAYS_SEARCH_USER_PATHS = NO;
				CLANG_ANALYZER_NONNULL = YES;
				CLANG_ANALYZER_NUMBER_OBJECT_CONVERSION = YES_AGGRESSIVE;
				CLANG_CXX_LANGUAGE_STANDARD = "gnu++20";
				CLANG_ENABLE_MODULES = YES;
				CLANG_ENABLE_OBJC_ARC = YES;
				CLANG_ENABLE_OBJC_WEAK = YES;
				CLANG_WARN_BLOCK_CAPTURE_AUTORELEASING = YES;
				CLANG_WARN_BOOL_CONVERSION = YES;
				CLANG_WARN_COMMA = YES;
				CLANG_WARN_CONSTANT_CONVERSION = YES;
				CLANG_WARN_DEPRECATED_OBJC_IMPLEMENTATIONS = YES;
				CLANG_WARN_DIRECT_OBJC_ISA_USAGE = YES_ERROR;
				CLANG_WARN_DOCUMENTATION_COMMENTS = YES;
				CLANG_WARN_EMPTY_BODY = YES;
				CLANG_WARN_ENUM_CONVERSION = YES;
				CLANG_WARN_INFINITE_RECURSION = YES;
				CLANG_WARN_INT_CONVERSION = YES;
				CLANG_WARN_NON_LITERAL_NULL_CONVERSION = YES;
				CLANG_WARN_OBJC_IMPLICIT_RETAIN_SELF = YES;
				CLANG_WARN_OBJC_LITERAL_CONVERSION = YES;
				CLANG_WARN_OBJC_ROOT_CLASS = YES_ERROR;
				CLANG_WARN_QUOTED_INCLUDE_IN_FRAMEWORK_HEADER = YES;
				CLANG_WARN_RANGE_LOOP_ANALYSIS = YES;
				CLANG_WARN_STRICT_PROTOTYPES = YES;
				CLANG_WARN_SUSPICIOUS_MOVE = YES;
				CLANG_WARN_UNGUARDED_AVAILABILITY = YES_AGGRESSIVE;
				CLANG_WARN_UNREACHABLE_CODE = YES;
				CLANG_WARN__DUPLICATE_METHOD_MATCH = YES;
				COPY_PHASE_STRIP = NO;
				DEBUG_INFORMATION_FORMAT = dwarf;
				ENABLE_STRICT_OBJC_MSGSEND = YES;
				ENABLE_TESTABILITY = YES;
				GCC_C_LANGUAGE_STANDARD = gnu11;
				GCC_DYNAMIC_NO_PIC = NO;
				GCC_NO_COMMON_BLOCKS = YES;
				GCC_OPTIMIZATION_LEVEL = 0;
				GCC_PREPROCESSOR_DEFINITIONS = (
					"DEBUG=1",
					"$(inherited)",
				);
				GCC_WARN_64_TO_32_BIT_CONVERSION = YES;
				GCC_WARN_ABOUT_RETURN_TYPE = YES_ERROR;
				GCC_WARN_UNDECLARED_SELECTOR = YES;
				GCC_WARN_UNINITIALIZED_AUTOS = YES_AGGRESSIVE;
				GCC_WARN_UNUSED_FUNCTION = YES;
				GCC_WARN_UNUSED_VARIABLE = YES;
				IPHONEOS_DEPLOYMENT_TARGET = 16.4;
				MTL_ENABLE_DEBUG_INFO = INCLUDE_SOURCE;
				MTL_FAST_MATH = YES;
				ONLY_ACTIVE_ARCH = YES;
				SDKROOT = iphoneos;
				SWIFT_ACTIVE_COMPILATION_CONDITIONS = DEBUG;
				SWIFT_OPTIMIZATION_LEVEL = "-Onone";
			};
			name = Debug;
		};
		FB4CCC9C2A89E71900DB65FF /* Release */ = {
			isa = XCBuildConfiguration;
			buildSettings = {
				ALWAYS_SEARCH_USER_PATHS = NO;
				CLANG_ANALYZER_NONNULL = YES;
				CLANG_ANALYZER_NUMBER_OBJECT_CONVERSION = YES_AGGRESSIVE;
				CLANG_CXX_LANGUAGE_STANDARD = "gnu++20";
				CLANG_ENABLE_MODULES = YES;
				CLANG_ENABLE_OBJC_ARC = YES;
				CLANG_ENABLE_OBJC_WEAK = YES;
				CLANG_WARN_BLOCK_CAPTURE_AUTORELEASING = YES;
				CLANG_WARN_BOOL_CONVERSION = YES;
				CLANG_WARN_COMMA = YES;
				CLANG_WARN_CONSTANT_CONVERSION = YES;
				CLANG_WARN_DEPRECATED_OBJC_IMPLEMENTATIONS = YES;
				CLANG_WARN_DIRECT_OBJC_ISA_USAGE = YES_ERROR;
				CLANG_WARN_DOCUMENTATION_COMMENTS = YES;
				CLANG_WARN_EMPTY_BODY = YES;
				CLANG_WARN_ENUM_CONVERSION = YES;
				CLANG_WARN_INFINITE_RECURSION = YES;
				CLANG_WARN_INT_CONVERSION = YES;
				CLANG_WARN_NON_LITERAL_NULL_CONVERSION = YES;
				CLANG_WARN_OBJC_IMPLICIT_RETAIN_SELF = YES;
				CLANG_WARN_OBJC_LITERAL_CONVERSION = YES;
				CLANG_WARN_OBJC_ROOT_CLASS = YES_ERROR;
				CLANG_WARN_QUOTED_INCLUDE_IN_FRAMEWORK_HEADER = YES;
				CLANG_WARN_RANGE_LOOP_ANALYSIS = YES;
				CLANG_WARN_STRICT_PROTOTYPES = YES;
				CLANG_WARN_SUSPICIOUS_MOVE = YES;
				CLANG_WARN_UNGUARDED_AVAILABILITY = YES_AGGRESSIVE;
				CLANG_WARN_UNREACHABLE_CODE = YES;
				CLANG_WARN__DUPLICATE_METHOD_MATCH = YES;
				COPY_PHASE_STRIP = NO;
				DEBUG_INFORMATION_FORMAT = "dwarf-with-dsym";
				ENABLE_NS_ASSERTIONS = NO;
				ENABLE_STRICT_OBJC_MSGSEND = YES;
				GCC_C_LANGUAGE_STANDARD = gnu11;
				GCC_NO_COMMON_BLOCKS = YES;
				GCC_WARN_64_TO_32_BIT_CONVERSION = YES;
				GCC_WARN_ABOUT_RETURN_TYPE = YES_ERROR;
				GCC_WARN_UNDECLARED_SELECTOR = YES;
				GCC_WARN_UNINITIALIZED_AUTOS = YES_AGGRESSIVE;
				GCC_WARN_UNUSED_FUNCTION = YES;
				GCC_WARN_UNUSED_VARIABLE = YES;
				IPHONEOS_DEPLOYMENT_TARGET = 16.4;
				MTL_ENABLE_DEBUG_INFO = NO;
				MTL_FAST_MATH = YES;
				SDKROOT = iphoneos;
				SWIFT_COMPILATION_MODE = wholemodule;
				SWIFT_OPTIMIZATION_LEVEL = "-O";
				VALIDATE_PRODUCT = YES;
			};
			name = Release;
		};
		FB4CCC9E2A89E71900DB65FF /* Debug */ = {
			isa = XCBuildConfiguration;
			buildSettings = {
				ASSETCATALOG_COMPILER_APPICON_NAME = AppIcon;
				ASSETCATALOG_COMPILER_GLOBAL_ACCENT_COLOR_NAME = AccentColor;
				CODE_SIGN_STYLE = Automatic;
				CURRENT_PROJECT_VERSION = 1;
				GENERATE_INFOPLIST_FILE = YES;
				INFOPLIST_FILE = "Multiple Images NSCache/Info.plist";
				INFOPLIST_KEY_UIApplicationSupportsIndirectInputEvents = YES;
				INFOPLIST_KEY_UILaunchStoryboardName = LaunchScreen;
				INFOPLIST_KEY_UIMainStoryboardFile = Main;
				INFOPLIST_KEY_UISupportedInterfaceOrientations_iPad = "UIInterfaceOrientationPortrait UIInterfaceOrientationPortraitUpsideDown UIInterfaceOrientationLandscapeLeft UIInterfaceOrientationLandscapeRight";
				INFOPLIST_KEY_UISupportedInterfaceOrientations_iPhone = "UIInterfaceOrientationPortrait UIInterfaceOrientationLandscapeLeft UIInterfaceOrientationLandscapeRight";
				LD_RUNPATH_SEARCH_PATHS = (
					"$(inherited)",
					"@executable_path/Frameworks",
				);
				MARKETING_VERSION = 1.0;
				PRODUCT_BUNDLE_IDENTIFIER = "com.gunveet.Multiple-Images-NSCache";
				PRODUCT_NAME = "$(TARGET_NAME)";
				SWIFT_EMIT_LOC_STRINGS = YES;
				SWIFT_VERSION = 5.0;
				TARGETED_DEVICE_FAMILY = "1,2";
			};
			name = Debug;
		};
		FB4CCC9F2A89E71900DB65FF /* Release */ = {
			isa = XCBuildConfiguration;
			buildSettings = {
				ASSETCATALOG_COMPILER_APPICON_NAME = AppIcon;
				ASSETCATALOG_COMPILER_GLOBAL_ACCENT_COLOR_NAME = AccentColor;
				CODE_SIGN_STYLE = Automatic;
				CURRENT_PROJECT_VERSION = 1;
				GENERATE_INFOPLIST_FILE = YES;
				INFOPLIST_FILE = "Multiple Images NSCache/Info.plist";
				INFOPLIST_KEY_UIApplicationSupportsIndirectInputEvents = YES;
				INFOPLIST_KEY_UILaunchStoryboardName = LaunchScreen;
				INFOPLIST_KEY_UIMainStoryboardFile = Main;
				INFOPLIST_KEY_UISupportedInterfaceOrientations_iPad = "UIInterfaceOrientationPortrait UIInterfaceOrientationPortraitUpsideDown UIInterfaceOrientationLandscapeLeft UIInterfaceOrientationLandscapeRight";
				INFOPLIST_KEY_UISupportedInterfaceOrientations_iPhone = "UIInterfaceOrientationPortrait UIInterfaceOrientationLandscapeLeft UIInterfaceOrientationLandscapeRight";
				LD_RUNPATH_SEARCH_PATHS = (
					"$(inherited)",
					"@executable_path/Frameworks",
				);
				MARKETING_VERSION = 1.0;
				PRODUCT_BUNDLE_IDENTIFIER = "com.gunveet.Multiple-Images-NSCache";
				PRODUCT_NAME = "$(TARGET_NAME)";
				SWIFT_EMIT_LOC_STRINGS = YES;
				SWIFT_VERSION = 5.0;
				TARGETED_DEVICE_FAMILY = "1,2";
			};
			name = Release;
		};
		FB4CCCA12A89E71900DB65FF /* Debug */ = {
			isa = XCBuildConfiguration;
			buildSettings = {
				ALWAYS_EMBED_SWIFT_STANDARD_LIBRARIES = YES;
				BUNDLE_LOADER = "$(TEST_HOST)";
				CODE_SIGN_STYLE = Automatic;
				CURRENT_PROJECT_VERSION = 1;
				GENERATE_INFOPLIST_FILE = YES;
				IPHONEOS_DEPLOYMENT_TARGET = 16.4;
				MARKETING_VERSION = 1.0;
				PRODUCT_BUNDLE_IDENTIFIER = "com.gunveet.Multiple-Images-NSCacheTests";
				PRODUCT_NAME = "$(TARGET_NAME)";
				SWIFT_EMIT_LOC_STRINGS = NO;
				SWIFT_VERSION = 5.0;
				TARGETED_DEVICE_FAMILY = "1,2";
				TEST_HOST = "$(BUILT_PRODUCTS_DIR)/Multiple Images NSCache.app/$(BUNDLE_EXECUTABLE_FOLDER_PATH)/Multiple Images NSCache";
			};
			name = Debug;
		};
		FB4CCCA22A89E71900DB65FF /* Release */ = {
			isa = XCBuildConfiguration;
			buildSettings = {
				ALWAYS_EMBED_SWIFT_STANDARD_LIBRARIES = YES;
				BUNDLE_LOADER = "$(TEST_HOST)";
				CODE_SIGN_STYLE = Automatic;
				CURRENT_PROJECT_VERSION = 1;
				GENERATE_INFOPLIST_FILE = YES;
				IPHONEOS_DEPLOYMENT_TARGET = 16.4;
				MARKETING_VERSION = 1.0;
				PRODUCT_BUNDLE_IDENTIFIER = "com.gunveet.Multiple-Images-NSCacheTests";
				PRODUCT_NAME = "$(TARGET_NAME)";
				SWIFT_EMIT_LOC_STRINGS = NO;
				SWIFT_VERSION = 5.0;
				TARGETED_DEVICE_FAMILY = "1,2";
				TEST_HOST = "$(BUILT_PRODUCTS_DIR)/Multiple Images NSCache.app/$(BUNDLE_EXECUTABLE_FOLDER_PATH)/Multiple Images NSCache";
			};
			name = Release;
		};
		FB4CCCA42A89E71900DB65FF /* Debug */ = {
			isa = XCBuildConfiguration;
			buildSettings = {
				ALWAYS_EMBED_SWIFT_STANDARD_LIBRARIES = YES;
				CODE_SIGN_STYLE = Automatic;
				CURRENT_PROJECT_VERSION = 1;
				GENERATE_INFOPLIST_FILE = YES;
				MARKETING_VERSION = 1.0;
				PRODUCT_BUNDLE_IDENTIFIER = "com.gunveet.Multiple-Images-NSCacheUITests";
				PRODUCT_NAME = "$(TARGET_NAME)";
				SWIFT_EMIT_LOC_STRINGS = NO;
				SWIFT_VERSION = 5.0;
				TARGETED_DEVICE_FAMILY = "1,2";
				TEST_TARGET_NAME = "Multiple Images NSCache";
			};
			name = Debug;
		};
		FB4CCCA52A89E71900DB65FF /* Release */ = {
			isa = XCBuildConfiguration;
			buildSettings = {
				ALWAYS_EMBED_SWIFT_STANDARD_LIBRARIES = YES;
				CODE_SIGN_STYLE = Automatic;
				CURRENT_PROJECT_VERSION = 1;
				GENERATE_INFOPLIST_FILE = YES;
				MARKETING_VERSION = 1.0;
				PRODUCT_BUNDLE_IDENTIFIER = "com.gunveet.Multiple-Images-NSCacheUITests";
				PRODUCT_NAME = "$(TARGET_NAME)";
				SWIFT_EMIT_LOC_STRINGS = NO;
				SWIFT_VERSION = 5.0;
				TARGETED_DEVICE_FAMILY = "1,2";
				TEST_TARGET_NAME = "Multiple Images NSCache";
			};
			name = Release;
		};
/* End XCBuildConfiguration section */

/* Begin XCConfigurationList section */
		FB4CCC6E2A89E71800DB65FF /* Build configuration list for PBXProject "Multiple Images NSCache" */ = {
			isa = XCConfigurationList;
			buildConfigurations = (
				FB4CCC9B2A89E71900DB65FF /* Debug */,
				FB4CCC9C2A89E71900DB65FF /* Release */,
			);
			defaultConfigurationIsVisible = 0;
			defaultConfigurationName = Release;
		};
		FB4CCC9D2A89E71900DB65FF /* Build configuration list for PBXNativeTarget "Multiple Images NSCache" */ = {
			isa = XCConfigurationList;
			buildConfigurations = (
				FB4CCC9E2A89E71900DB65FF /* Debug */,
				FB4CCC9F2A89E71900DB65FF /* Release */,
			);
			defaultConfigurationIsVisible = 0;
			defaultConfigurationName = Release;
		};
		FB4CCCA02A89E71900DB65FF /* Build configuration list for PBXNativeTarget "Multiple Images NSCacheTests" */ = {
			isa = XCConfigurationList;
			buildConfigurations = (
				FB4CCCA12A89E71900DB65FF /* Debug */,
				FB4CCCA22A89E71900DB65FF /* Release */,
			);
			defaultConfigurationIsVisible = 0;
			defaultConfigurationName = Release;
		};
		FB4CCCA32A89E71900DB65FF /* Build configuration list for PBXNativeTarget "Multiple Images NSCacheUITests" */ = {
			isa = XCConfigurationList;
			buildConfigurations = (
				FB4CCCA42A89E71900DB65FF /* Debug */,
				FB4CCCA52A89E71900DB65FF /* Release */,
			);
			defaultConfigurationIsVisible = 0;
			defaultConfigurationName = Release;
		};
/* End XCConfigurationList section */
	};
	rootObject = FB4CCC6B2A89E71800DB65FF /* Project object */;
}
